
Microsoft Visual Studio Solution File, Format Version 12.00
# Visual Studio Version 17
VisualStudioVersion = 17.7.34202.233
MinimumVisualStudioVersion = 10.0.40219.1
Project("{9A19103F-16F7-4668-BE54-9A1E7A4F7556}") = "c#1", "c#1\c#1.csproj", "{AB140ADC-953F-40BD-A609-0F1ED64FE7F2}"
EndProject
Project("{9A19103F-16F7-4668-BE54-9A1E7A4F7556}") = "task2", "task2\task2.csproj", "{C372A3F1-8934-4BE8-82C3-2ED06B567AC9}"
EndProject
Project("{FAE04EC0-301F-11D3-BF4B-00C04F79EFBC}") = "task3", "task3\task3.csproj", "{60CFE181-75BF-472B-A342-7622161DC606}"
EndProject
Global
	GlobalSection(SolutionConfigurationPlatforms) = preSolution
		Debug|Any CPU = Debug|Any CPU
		Release|Any CPU = Release|Any CPU
	EndGlobalSection
	GlobalSection(ProjectConfigurationPlatforms) = postSolution
		{AB140ADC-953F-40BD-A609-0F1ED64FE7F2}.Debug|Any CPU.ActiveCfg = Debug|Any CPU
		{AB140ADC-953F-40BD-A609-0F1ED64FE7F2}.Debug|Any CPU.Build.0 = Debug|Any CPU
		{AB140ADC-953F-40BD-A609-0F1ED64FE7F2}.Release|Any CPU.ActiveCfg = Release|Any CPU
		{AB140ADC-953F-40BD-A609-0F1ED64FE7F2}.Release|Any CPU.Build.0 = Release|Any CPU
		{C372A3F1-8934-4BE8-82C3-2ED06B567AC9}.Debug|Any CPU.ActiveCfg = Debug|Any CPU
		{C372A3F1-8934-4BE8-82C3-2ED06B567AC9}.Debug|Any CPU.Build.0 = Debug|Any CPU
		{C372A3F1-8934-4BE8-82C3-2ED06B567AC9}.Release|Any CPU.ActiveCfg = Release|Any CPU
		{C372A3F1-8934-4BE8-82C3-2ED06B567AC9}.Release|Any CPU.Build.0 = Release|Any CPU
		{60CFE181-75BF-472B-A342-7622161DC606}.Debug|Any CPU.ActiveCfg = Debug|Any CPU
		{60CFE181-75BF-472B-A342-7622161DC606}.Debug|Any CPU.Build.0 = Debug|Any CPU
		{60CFE181-75BF-472B-A342-7622161DC606}.Release|Any CPU.ActiveCfg = Release|Any CPU
		{60CFE181-75BF-472B-A342-7622161DC606}.Release|Any CPU.Build.0 = Release|Any CPU
	EndGlobalSection
	GlobalSection(SolutionProperties) = preSolution
		HideSolutionNode = FALSE
	EndGlobalSection
	GlobalSection(ExtensibilityGlobals) = postSolution
		SolutionGuid = {41B54ABA-54A7-422C-A77C-15A7D8BBC52B}
	EndGlobalSection
EndGlobal
